
Microsoft Visual Studio Solution File, Format Version 12.00
# Visual Studio Version 17
VisualStudioVersion = 17.11.35312.102
MinimumVisualStudioVersion = 10.0.40219.1
Project("{FAE04EC0-301F-11D3-BF4B-00C04F79EFBC}") = "gggGitHub1", "gggGitHub1\gggGitHub1.csproj", "{2CFA9F74-475F-40E6-98EE-49BD163B8364}"
EndProject
Global
	GlobalSection(SolutionConfigurationPlatforms) = preSolution
		Debug|Any CPU = Debug|Any CPU
		Release|Any CPU = Release|Any CPU
	EndGlobalSection
	GlobalSection(ProjectConfigurationPlatforms) = postSolution
		{2CFA9F74-475F-40E6-98EE-49BD163B8364}.Debug|Any CPU.ActiveCfg = Debug|Any CPU
		{2CFA9F74-475F-40E6-98EE-49BD163B8364}.Debug|Any CPU.Build.0 = Debug|Any CPU
		{2CFA9F74-475F-40E6-98EE-49BD163B8364}.Release|Any CPU.ActiveCfg = Release|Any CPU
		{2CFA9F74-475F-40E6-98EE-49BD163B8364}.Release|Any CPU.Build.0 = Release|Any CPU
	EndGlobalSection
	GlobalSection(SolutionProperties) = preSolution
		HideSolutionNode = FALSE
	EndGlobalSection
	GlobalSection(ExtensibilityGlobals) = postSolution
		SolutionGuid = {BDC8CE7B-4876-46E0-BC29-5F0886B2425F}
	EndGlobalSection
EndGlobal
